
Microsoft Visual Studio Solution File, Format Version 12.00
# Visual Studio Version 17
VisualStudioVersion = 17.9.34728.123
MinimumVisualStudioVersion = 10.0.40219.1
Project("{9A19103F-16F7-4668-BE54-9A1E7A4F7556}") = "Domain", "src\Domain\Domain.csproj", "{DEE2E5B3-74FB-41DD-9C84-FD46FADDA8AB}"
EndProject
Project("{9A19103F-16F7-4668-BE54-9A1E7A4F7556}") = "Helpers", "src\Helpers\Helpers.csproj", "{EF3A0640-44BA-412D-9F3B-84591B103B3C}"
EndProject
Project("{9A19103F-16F7-4668-BE54-9A1E7A4F7556}") = "Integration", "src\Integration\Integration.csproj", "{87EA6EC7-002C-46F5-AB6B-A5ADFBFF42F6}"
EndProject
Project("{9A19103F-16F7-4668-BE54-9A1E7A4F7556}") = "WebApi", "src\WebApi\WebApi.csproj", "{0C5C00D7-73CE-47E5-B58C-004045C9C74E}"
EndProject
Project("{9A19103F-16F7-4668-BE54-9A1E7A4F7556}") = "UseCase", "src\UseCase\UseCase.csproj", "{06FC3CBA-D87E-4DDD-8352-EA9B743C6767}"
EndProject
Project("{9A19103F-16F7-4668-BE54-9A1E7A4F7556}") = "Infrastructure", "src\Infrastructure\Infrastructure.csproj", "{8BB3429B-7ED5-44C7-A876-BE0AFC05E479}"
EndProject
Project("{2150E333-8FDC-42A3-9474-1A3956D46DE8}") = "src", "src", "{11ACE3C2-F9A2-4184-A735-2A0E9F76F31D}"
EndProject
Project("{2150E333-8FDC-42A3-9474-1A3956D46DE8}") = "tests", "tests", "{99C7E25A-50A2-4F52-98EE-8B49A79BD8EE}"
EndProject
Project("{9A19103F-16F7-4668-BE54-9A1E7A4F7556}") = "UnitTest", "tests\UnitTest\UnitTest.csproj", "{A25504AF-D810-42D1-83DF-6EA817F93594}"
EndProject
Global
	GlobalSection(SolutionConfigurationPlatforms) = preSolution
		Debug|Any CPU = Debug|Any CPU
		Release|Any CPU = Release|Any CPU
	EndGlobalSection
	GlobalSection(ProjectConfigurationPlatforms) = postSolution
		{DEE2E5B3-74FB-41DD-9C84-FD46FADDA8AB}.Debug|Any CPU.ActiveCfg = Debug|Any CPU
		{DEE2E5B3-74FB-41DD-9C84-FD46FADDA8AB}.Debug|Any CPU.Build.0 = Debug|Any CPU
		{DEE2E5B3-74FB-41DD-9C84-FD46FADDA8AB}.Release|Any CPU.ActiveCfg = Release|Any CPU
		{DEE2E5B3-74FB-41DD-9C84-FD46FADDA8AB}.Release|Any CPU.Build.0 = Release|Any CPU
		{EF3A0640-44BA-412D-9F3B-84591B103B3C}.Debug|Any CPU.ActiveCfg = Debug|Any CPU
		{EF3A0640-44BA-412D-9F3B-84591B103B3C}.Debug|Any CPU.Build.0 = Debug|Any CPU
		{EF3A0640-44BA-412D-9F3B-84591B103B3C}.Release|Any CPU.ActiveCfg = Release|Any CPU
		{EF3A0640-44BA-412D-9F3B-84591B103B3C}.Release|Any CPU.Build.0 = Release|Any CPU
		{87EA6EC7-002C-46F5-AB6B-A5ADFBFF42F6}.Debug|Any CPU.ActiveCfg = Debug|Any CPU
		{87EA6EC7-002C-46F5-AB6B-A5ADFBFF42F6}.Debug|Any CPU.Build.0 = Debug|Any CPU
		{87EA6EC7-002C-46F5-AB6B-A5ADFBFF42F6}.Release|Any CPU.ActiveCfg = Release|Any CPU
		{87EA6EC7-002C-46F5-AB6B-A5ADFBFF42F6}.Release|Any CPU.Build.0 = Release|Any CPU
		{0C5C00D7-73CE-47E5-B58C-004045C9C74E}.Debug|Any CPU.ActiveCfg = Debug|Any CPU
		{0C5C00D7-73CE-47E5-B58C-004045C9C74E}.Debug|Any CPU.Build.0 = Debug|Any CPU
		{0C5C00D7-73CE-47E5-B58C-004045C9C74E}.Release|Any CPU.ActiveCfg = Release|Any CPU
		{0C5C00D7-73CE-47E5-B58C-004045C9C74E}.Release|Any CPU.Build.0 = Release|Any CPU
		{06FC3CBA-D87E-4DDD-8352-EA9B743C6767}.Debug|Any CPU.ActiveCfg = Debug|Any CPU
		{06FC3CBA-D87E-4DDD-8352-EA9B743C6767}.Debug|Any CPU.Build.0 = Debug|Any CPU
		{06FC3CBA-D87E-4DDD-8352-EA9B743C6767}.Release|Any CPU.ActiveCfg = Release|Any CPU
		{06FC3CBA-D87E-4DDD-8352-EA9B743C6767}.Release|Any CPU.Build.0 = Release|Any CPU
		{8BB3429B-7ED5-44C7-A876-BE0AFC05E479}.Debug|Any CPU.ActiveCfg = Debug|Any CPU
		{8BB3429B-7ED5-44C7-A876-BE0AFC05E479}.Debug|Any CPU.Build.0 = Debug|Any CPU
		{8BB3429B-7ED5-44C7-A876-BE0AFC05E479}.Release|Any CPU.ActiveCfg = Release|Any CPU
		{8BB3429B-7ED5-44C7-A876-BE0AFC05E479}.Release|Any CPU.Build.0 = Release|Any CPU
		{A25504AF-D810-42D1-83DF-6EA817F93594}.Debug|Any CPU.ActiveCfg = Debug|Any CPU
		{A25504AF-D810-42D1-83DF-6EA817F93594}.Debug|Any CPU.Build.0 = Debug|Any CPU
		{A25504AF-D810-42D1-83DF-6EA817F93594}.Release|Any CPU.ActiveCfg = Release|Any CPU
		{A25504AF-D810-42D1-83DF-6EA817F93594}.Release|Any CPU.Build.0 = Release|Any CPU
	EndGlobalSection
	GlobalSection(SolutionProperties) = preSolution
		HideSolutionNode = FALSE
	EndGlobalSection
	GlobalSection(NestedProjects) = preSolution
		{DEE2E5B3-74FB-41DD-9C84-FD46FADDA8AB} = {11ACE3C2-F9A2-4184-A735-2A0E9F76F31D}
		{EF3A0640-44BA-412D-9F3B-84591B103B3C} = {11ACE3C2-F9A2-4184-A735-2A0E9F76F31D}
		{87EA6EC7-002C-46F5-AB6B-A5ADFBFF42F6} = {11ACE3C2-F9A2-4184-A735-2A0E9F76F31D}
		{0C5C00D7-73CE-47E5-B58C-004045C9C74E} = {11ACE3C2-F9A2-4184-A735-2A0E9F76F31D}
		{06FC3CBA-D87E-4DDD-8352-EA9B743C6767} = {11ACE3C2-F9A2-4184-A735-2A0E9F76F31D}
		{8BB3429B-7ED5-44C7-A876-BE0AFC05E479} = {11ACE3C2-F9A2-4184-A735-2A0E9F76F31D}
		{A25504AF-D810-42D1-83DF-6EA817F93594} = {99C7E25A-50A2-4F52-98EE-8B49A79BD8EE}
	EndGlobalSection
	GlobalSection(ExtensibilityGlobals) = postSolution
		SolutionGuid = {00B46C67-02F7-4E4F-9A12-7E2566E3DD1F}
	EndGlobalSection
EndGlobal
